# This file is automatically @generated by Cargo.
# It is not intended for manual editing.
[[package]]
name = "macro-utils"
version = "0.1.2"
source = "registry+https://github.com/rust-lang/crates.io-index"

[[package]]
name = "minifier"
version = "0.0.29"
source = "registry+https://github.com/rust-lang/crates.io-index"
dependencies = [
 "macro-utils 0.1.2 (registry+https://github.com/rust-lang/crates.io-index)",
]

[[package]]
name = "minifier"
version = "0.1.0"
dependencies = [
 "minifier 0.0.29 (registry+https://github.com/rust-lang/crates.io-index)",
]

[metadata]
"checksum macro-utils 0.1.2 (registry+https://github.com/rust-lang/crates.io-index)" = "f2c4deaccc2ead6a28c16c0ba82f07d52b6475397415ce40876e559b0b0ea510"
"checksum minifier 0.0.29 (registry+https://github.com/rust-lang/crates.io-index)" = "1f4950cb2617b1933e2da0446e864dfe0d6a22c22ff72297996c46e6a63b210b"
