# This file is automatically @generated by Cargo.
# It is not intended for manual editing.
[[package]]
name = "macro-utils"
version = "0.1.3"
source = "registry+https://github.com/rust-lang/crates.io-index"

[[package]]
name = "minifier"
version = "0.0.34"
source = "registry+https://github.com/rust-lang/crates.io-index"
dependencies = [
 "macro-utils 0.1.3 (registry+https://github.com/rust-lang/crates.io-index)",
]

[[package]]
name = "minifier"
version = "0.1.0"
dependencies = [
 "minifier 0.0.34 (registry+https://github.com/rust-lang/crates.io-index)",
]

[metadata]
"checksum macro-utils 0.1.3 (registry+https://github.com/rust-lang/crates.io-index)" = "0e72f7deb758fea9ea7d290aebfa788763d0bffae12caa6406a25baaf8fa68a8"
"checksum minifier 0.0.34 (registry+https://github.com/rust-lang/crates.io-index)" = "3dbc9504e4e9f7d59bd8e9f6c9d927566ec624512e98e328cbdc8918cc77849e"
